
Microsoft Visual Studio Solution File, Format Version 12.00
# Visual Studio Version 17
VisualStudioVersion = 17.3.32929.385
MinimumVisualStudioVersion = 10.0.40219.1
Project("{FAE04EC0-301F-11D3-BF4B-00C04F79EFBC}") = "OnlineShop.Server", "OnlineShop\Server\OnlineShop.Server.csproj", "{613000F6-4A2A-4A11-9F89-9D0CAAFEAD6D}"
EndProject
Project("{FAE04EC0-301F-11D3-BF4B-00C04F79EFBC}") = "OnlineShop.Client", "OnlineShop\Client\OnlineShop.Client.csproj", "{2053B062-5BFD-4C2B-AAA0-2A40BC90D71F}"
EndProject
Project("{FAE04EC0-301F-11D3-BF4B-00C04F79EFBC}") = "OnlineShop.Shared", "OnlineShop\Shared\OnlineShop.Shared.csproj", "{0E032F61-B081-4242-89AC-EE6DF613FB90}"
EndProject
Project("{FAE04EC0-301F-11D3-BF4B-00C04F79EFBC}") = "OnlineShop.Models", "OnlineShop.Models\OnlineShop.Models.csproj", "{474DA5C4-93D2-4FF9-80B6-6C2FC380A4FB}"
EndProject
Global
	GlobalSection(SolutionConfigurationPlatforms) = preSolution
		Debug|Any CPU = Debug|Any CPU
		Release|Any CPU = Release|Any CPU
	EndGlobalSection
	GlobalSection(ProjectConfigurationPlatforms) = postSolution
		{613000F6-4A2A-4A11-9F89-9D0CAAFEAD6D}.Debug|Any CPU.ActiveCfg = Debug|Any CPU
		{613000F6-4A2A-4A11-9F89-9D0CAAFEAD6D}.Debug|Any CPU.Build.0 = Debug|Any CPU
		{613000F6-4A2A-4A11-9F89-9D0CAAFEAD6D}.Release|Any CPU.ActiveCfg = Release|Any CPU
		{613000F6-4A2A-4A11-9F89-9D0CAAFEAD6D}.Release|Any CPU.Build.0 = Release|Any CPU
		{2053B062-5BFD-4C2B-AAA0-2A40BC90D71F}.Debug|Any CPU.ActiveCfg = Debug|Any CPU
		{2053B062-5BFD-4C2B-AAA0-2A40BC90D71F}.Debug|Any CPU.Build.0 = Debug|Any CPU
		{2053B062-5BFD-4C2B-AAA0-2A40BC90D71F}.Release|Any CPU.ActiveCfg = Release|Any CPU
		{2053B062-5BFD-4C2B-AAA0-2A40BC90D71F}.Release|Any CPU.Build.0 = Release|Any CPU
		{0E032F61-B081-4242-89AC-EE6DF613FB90}.Debug|Any CPU.ActiveCfg = Debug|Any CPU
		{0E032F61-B081-4242-89AC-EE6DF613FB90}.Debug|Any CPU.Build.0 = Debug|Any CPU
		{0E032F61-B081-4242-89AC-EE6DF613FB90}.Release|Any CPU.ActiveCfg = Release|Any CPU
		{0E032F61-B081-4242-89AC-EE6DF613FB90}.Release|Any CPU.Build.0 = Release|Any CPU
		{474DA5C4-93D2-4FF9-80B6-6C2FC380A4FB}.Debug|Any CPU.ActiveCfg = Debug|Any CPU
		{474DA5C4-93D2-4FF9-80B6-6C2FC380A4FB}.Debug|Any CPU.Build.0 = Debug|Any CPU
		{474DA5C4-93D2-4FF9-80B6-6C2FC380A4FB}.Release|Any CPU.ActiveCfg = Release|Any CPU
		{474DA5C4-93D2-4FF9-80B6-6C2FC380A4FB}.Release|Any CPU.Build.0 = Release|Any CPU
	EndGlobalSection
	GlobalSection(SolutionProperties) = preSolution
		HideSolutionNode = FALSE
	EndGlobalSection
	GlobalSection(ExtensibilityGlobals) = postSolution
		SolutionGuid = {F249B0BA-DD28-4CCD-9417-1A67E63B0C30}
	EndGlobalSection
EndGlobal
